// !$*UTF8*$!
{
	archiveVersion = 1;
	classes = {
	};
	objectVersion = 56;
	objects = {

/* Begin PBXBuildFile section */
		5210C9C02A9CD22A00E9B5D6 /* Bank.swift in Sources */ = {isa = PBXBuildFile; fileRef = 5210C9BF2A9CD22A00E9B5D6 /* Bank.swift */; };
		5210C9C42A9CD57900E9B5D6 /* BankPopUp.swift in Sources */ = {isa = PBXBuildFile; fileRef = 5210C9C32A9CD57900E9B5D6 /* BankPopUp.swift */; };
		5210C9C72A9CD59500E9B5D6 /* Pop.swift in Sources */ = {isa = PBXBuildFile; fileRef = 5210C9C62A9CD59500E9B5D6 /* Pop.swift */; };
		5210C9CC2A9E275E00E9B5D6 /* iFood.swift in Sources */ = {isa = PBXBuildFile; fileRef = 5210C9CB2A9E275E00E9B5D6 /* iFood.swift */; };
		5210C9CE2A9E277300E9B5D6 /* iFoodPopUp.swift in Sources */ = {isa = PBXBuildFile; fileRef = 5210C9CD2A9E277300E9B5D6 /* iFoodPopUp.swift */; };
		5210C9D02A9F684100E9B5D6 /* ObjectiveManager.swift in Sources */ = {isa = PBXBuildFile; fileRef = 5210C9CF2A9F684100E9B5D6 /* ObjectiveManager.swift */; };
		5210C9D32A9F7B1200E9B5D6 /* ObjectiveStruct.swift in Sources */ = {isa = PBXBuildFile; fileRef = 5210C9D22A9F7B1200E9B5D6 /* ObjectiveStruct.swift */; };
		5210C9D52A9F7B3D00E9B5D6 /* ObjectiveView.swift in Sources */ = {isa = PBXBuildFile; fileRef = 5210C9D42A9F7B3D00E9B5D6 /* ObjectiveView.swift */; };
		5210C9D72A9F7D5400E9B5D6 /* Home.swift in Sources */ = {isa = PBXBuildFile; fileRef = 5210C9D62A9F7D5400E9B5D6 /* Home.swift */; };
		5210C9DB2AA20A2400E9B5D6 /* iFoodOrderScreen.swift in Sources */ = {isa = PBXBuildFile; fileRef = 5210C9DA2AA20A2400E9B5D6 /* iFoodOrderScreen.swift */; };
		5221EF892AB087300022C59C /* FinalBom.swift in Sources */ = {isa = PBXBuildFile; fileRef = 5221EF882AB087300022C59C /* FinalBom.swift */; };
		528F97352AA74E7D000469D1 /* Panela.swift in Sources */ = {isa = PBXBuildFile; fileRef = 528F97342AA74E7D000469D1 /* Panela.swift */; };
		528F97372AA74F27000469D1 /* Rotate.swift in Sources */ = {isa = PBXBuildFile; fileRef = 528F97362AA74F27000469D1 /* Rotate.swift */; };
		528F973A2AA76CEA000469D1 /* StatusManager.swift in Sources */ = {isa = PBXBuildFile; fileRef = 528F97392AA76CEA000469D1 /* StatusManager.swift */; };
		528F973C2AA8ADF9000469D1 /* StatusBar.swift in Sources */ = {isa = PBXBuildFile; fileRef = 528F973B2AA8ADF9000469D1 /* StatusBar.swift */; };
		528F97802AAFF561000469D1 /* FinalRuim.swift in Sources */ = {isa = PBXBuildFile; fileRef = 528F977F2AAFF561000469D1 /* FinalRuim.swift */; };
		78009B5C2AA74651006BA51D /* NavigationUtil.swift in Sources */ = {isa = PBXBuildFile; fileRef = 78009B5B2AA74651006BA51D /* NavigationUtil.swift */; };
		783A4BED2AA602A30049F054 /* GameManager.swift in Sources */ = {isa = PBXBuildFile; fileRef = 783A4BEC2AA602A30049F054 /* GameManager.swift */; };
		783BC91A2AA8A61A0028A6B3 /* BoB_comAcento2.otf in Resources */ = {isa = PBXBuildFile; fileRef = 783BC9192AA8A61A0028A6B3 /* BoB_comAcento2.otf */; };
		783BC91E2AA8AAB30028A6B3 /* BetweenDays.swift in Sources */ = {isa = PBXBuildFile; fileRef = 783BC91D2AA8AAB30028A6B3 /* BetweenDays.swift */; };
		783BC9202AA8AE820028A6B3 /* Font.swift in Sources */ = {isa = PBXBuildFile; fileRef = 783BC91F2AA8AE820028A6B3 /* Font.swift */; };
		7856E1F82A9BCF4E00F7639C /* NotificationQueue.swift in Sources */ = {isa = PBXBuildFile; fileRef = 7856E1F72A9BCF4E00F7639C /* NotificationQueue.swift */; };
		7856E1FA2A9BCF7100F7639C /* NotificationTypes.swift in Sources */ = {isa = PBXBuildFile; fileRef = 7856E1F92A9BCF7100F7639C /* NotificationTypes.swift */; };
		7856E1FC2A9CD09600F7639C /* NotificationPresenter.swift in Sources */ = {isa = PBXBuildFile; fileRef = 7856E1FB2A9CD09600F7639C /* NotificationPresenter.swift */; };
		78788A982A9E17AF003ED923 /* ARController.swift in Sources */ = {isa = PBXBuildFile; fileRef = 78788A972A9E17AF003ED923 /* ARController.swift */; };
		78788A9A2A9EA354003ED923 /* HapticsManager.swift in Sources */ = {isa = PBXBuildFile; fileRef = 78788A992A9EA354003ED923 /* HapticsManager.swift */; };
		78788A9D2A9F6BD1003ED923 /* MotionManager.swift in Sources */ = {isa = PBXBuildFile; fileRef = 78788A9C2A9F6BD1003ED923 /* MotionManager.swift */; };
		78788A9F2A9F6F16003ED923 /* ToiletMinigame.swift in Sources */ = {isa = PBXBuildFile; fileRef = 78788A9E2A9F6F16003ED923 /* ToiletMinigame.swift */; };
		78788AA12A9FF1DE003ED923 /* BankPaymentOption.swift in Sources */ = {isa = PBXBuildFile; fileRef = 78788AA02A9FF1DE003ED923 /* BankPaymentOption.swift */; };
		78B9E05F2A98F5A700C93302 /* MiniTwoApp.swift in Sources */ = {isa = PBXBuildFile; fileRef = 78B9E05E2A98F5A700C93302 /* MiniTwoApp.swift */; };
		78B9E0612A98F5A700C93302 /* ContentView.swift in Sources */ = {isa = PBXBuildFile; fileRef = 78B9E0602A98F5A700C93302 /* ContentView.swift */; };
		78B9E0632A98F5A700C93302 /* Assets.xcassets in Resources */ = {isa = PBXBuildFile; fileRef = 78B9E0622A98F5A700C93302 /* Assets.xcassets */; };
		78B9E0662A98F5A700C93302 /* Preview Assets.xcassets in Resources */ = {isa = PBXBuildFile; fileRef = 78B9E0652A98F5A700C93302 /* Preview Assets.xcassets */; };
		78D75D652AA8B9510074B125 /* TextBackground.swift in Sources */ = {isa = PBXBuildFile; fileRef = 78D75D642AA8B9510074B125 /* TextBackground.swift */; };
		78D75D672AAF55910074B125 /* BankTyping.swift in Sources */ = {isa = PBXBuildFile; fileRef = 78D75D662AAF55910074B125 /* BankTyping.swift */; };
		78ECC5F92AA0BD4E0091F875 /* RoomCleaning.swift in Sources */ = {isa = PBXBuildFile; fileRef = 78ECC5F82AA0BD4E0091F875 /* RoomCleaning.swift */; };
		78ECC5FB2AA0C0FF0091F875 /* RoomCleaningMinigame.swift in Sources */ = {isa = PBXBuildFile; fileRef = 78ECC5FA2AA0C0FF0091F875 /* RoomCleaningMinigame.swift */; };
		78ECC5FD2AA0D16A0091F875 /* House.swift in Sources */ = {isa = PBXBuildFile; fileRef = 78ECC5FC2AA0D16A0091F875 /* House.swift */; };
		CDCE5F152AAE7821006E448D /* BankTutorial.swift in Sources */ = {isa = PBXBuildFile; fileRef = CDCE5F142AAE7821006E448D /* BankTutorial.swift */; };
		CDCE5F172AAE803D006E448D /* BankTerms.swift in Sources */ = {isa = PBXBuildFile; fileRef = CDCE5F162AAE803D006E448D /* BankTerms.swift */; };
		CDCE5F192AAEA05D006E448D /* BankCongratsLoan.swift in Sources */ = {isa = PBXBuildFile; fileRef = CDCE5F182AAEA05D006E448D /* BankCongratsLoan.swift */; };
		CDCE5F1C2AAFE153006E448D /* SplashScreen.swift in Sources */ = {isa = PBXBuildFile; fileRef = CDCE5F1B2AAFE153006E448D /* SplashScreen.swift */; };
		CDCE5F1E2AAFE272006E448D /* Onboarding.swift in Sources */ = {isa = PBXBuildFile; fileRef = CDCE5F1D2AAFE272006E448D /* Onboarding.swift */; };
		CDCE5F202AAFF829006E448D /* OnboardingFinal.swift in Sources */ = {isa = PBXBuildFile; fileRef = CDCE5F1F2AAFF829006E448D /* OnboardingFinal.swift */; };
/* End PBXBuildFile section */

/* Begin PBXFileReference section */
		5210C9BF2A9CD22A00E9B5D6 /* Bank.swift */ = {isa = PBXFileReference; lastKnownFileType = sourcecode.swift; path = Bank.swift; sourceTree = "<group>"; };
		5210C9C32A9CD57900E9B5D6 /* BankPopUp.swift */ = {isa = PBXFileReference; lastKnownFileType = sourcecode.swift; path = BankPopUp.swift; sourceTree = "<group>"; };
		5210C9C62A9CD59500E9B5D6 /* Pop.swift */ = {isa = PBXFileReference; lastKnownFileType = sourcecode.swift; path = Pop.swift; sourceTree = "<group>"; };
		5210C9CB2A9E275E00E9B5D6 /* iFood.swift */ = {isa = PBXFileReference; lastKnownFileType = sourcecode.swift; path = iFood.swift; sourceTree = "<group>"; };
		5210C9CD2A9E277300E9B5D6 /* iFoodPopUp.swift */ = {isa = PBXFileReference; lastKnownFileType = sourcecode.swift; path = iFoodPopUp.swift; sourceTree = "<group>"; };
		5210C9CF2A9F684100E9B5D6 /* ObjectiveManager.swift */ = {isa = PBXFileReference; lastKnownFileType = sourcecode.swift; path = ObjectiveManager.swift; sourceTree = "<group>"; };
		5210C9D22A9F7B1200E9B5D6 /* ObjectiveStruct.swift */ = {isa = PBXFileReference; lastKnownFileType = sourcecode.swift; path = ObjectiveStruct.swift; sourceTree = "<group>"; };
		5210C9D42A9F7B3D00E9B5D6 /* ObjectiveView.swift */ = {isa = PBXFileReference; lastKnownFileType = sourcecode.swift; path = ObjectiveView.swift; sourceTree = "<group>"; };
		5210C9D62A9F7D5400E9B5D6 /* Home.swift */ = {isa = PBXFileReference; lastKnownFileType = sourcecode.swift; path = Home.swift; sourceTree = "<group>"; };
		5210C9DA2AA20A2400E9B5D6 /* iFoodOrderScreen.swift */ = {isa = PBXFileReference; lastKnownFileType = sourcecode.swift; path = iFoodOrderScreen.swift; sourceTree = "<group>"; };
		5221EF882AB087300022C59C /* FinalBom.swift */ = {isa = PBXFileReference; lastKnownFileType = sourcecode.swift; path = FinalBom.swift; sourceTree = "<group>"; };
		528F97342AA74E7D000469D1 /* Panela.swift */ = {isa = PBXFileReference; lastKnownFileType = sourcecode.swift; path = Panela.swift; sourceTree = "<group>"; };
		528F97362AA74F27000469D1 /* Rotate.swift */ = {isa = PBXFileReference; lastKnownFileType = sourcecode.swift; path = Rotate.swift; sourceTree = "<group>"; };
		528F97392AA76CEA000469D1 /* StatusManager.swift */ = {isa = PBXFileReference; lastKnownFileType = sourcecode.swift; path = StatusManager.swift; sourceTree = "<group>"; };
		528F973B2AA8ADF9000469D1 /* StatusBar.swift */ = {isa = PBXFileReference; lastKnownFileType = sourcecode.swift; path = StatusBar.swift; sourceTree = "<group>"; };
		528F977F2AAFF561000469D1 /* FinalRuim.swift */ = {isa = PBXFileReference; lastKnownFileType = sourcecode.swift; path = FinalRuim.swift; sourceTree = "<group>"; };
		78009B5B2AA74651006BA51D /* NavigationUtil.swift */ = {isa = PBXFileReference; lastKnownFileType = sourcecode.swift; path = NavigationUtil.swift; sourceTree = "<group>"; };
		783A4BEC2AA602A30049F054 /* GameManager.swift */ = {isa = PBXFileReference; lastKnownFileType = sourcecode.swift; path = GameManager.swift; sourceTree = "<group>"; };
		783BC9192AA8A61A0028A6B3 /* BoB_comAcento2.otf */ = {isa = PBXFileReference; lastKnownFileType = file; path = BoB_comAcento2.otf; sourceTree = "<group>"; };
		783BC91C2AA8A66D0028A6B3 /* Info.plist */ = {isa = PBXFileReference; lastKnownFileType = text.plist; path = Info.plist; sourceTree = "<group>"; };
		783BC91D2AA8AAB30028A6B3 /* BetweenDays.swift */ = {isa = PBXFileReference; lastKnownFileType = sourcecode.swift; path = BetweenDays.swift; sourceTree = "<group>"; };
		783BC91F2AA8AE820028A6B3 /* Font.swift */ = {isa = PBXFileReference; lastKnownFileType = sourcecode.swift; path = Font.swift; sourceTree = "<group>"; };
		7856E1F72A9BCF4E00F7639C /* NotificationQueue.swift */ = {isa = PBXFileReference; lastKnownFileType = sourcecode.swift; path = NotificationQueue.swift; sourceTree = "<group>"; };
		7856E1F92A9BCF7100F7639C /* NotificationTypes.swift */ = {isa = PBXFileReference; lastKnownFileType = sourcecode.swift; path = NotificationTypes.swift; sourceTree = "<group>"; };
		7856E1FB2A9CD09600F7639C /* NotificationPresenter.swift */ = {isa = PBXFileReference; lastKnownFileType = sourcecode.swift; path = NotificationPresenter.swift; sourceTree = "<group>"; };
		78788A972A9E17AF003ED923 /* ARController.swift */ = {isa = PBXFileReference; lastKnownFileType = sourcecode.swift; path = ARController.swift; sourceTree = "<group>"; };
		78788A992A9EA354003ED923 /* HapticsManager.swift */ = {isa = PBXFileReference; lastKnownFileType = sourcecode.swift; path = HapticsManager.swift; sourceTree = "<group>"; };
		78788A9C2A9F6BD1003ED923 /* MotionManager.swift */ = {isa = PBXFileReference; lastKnownFileType = sourcecode.swift; path = MotionManager.swift; sourceTree = "<group>"; };
		78788A9E2A9F6F16003ED923 /* ToiletMinigame.swift */ = {isa = PBXFileReference; lastKnownFileType = sourcecode.swift; path = ToiletMinigame.swift; sourceTree = "<group>"; };
		78788AA02A9FF1DE003ED923 /* BankPaymentOption.swift */ = {isa = PBXFileReference; lastKnownFileType = sourcecode.swift; path = BankPaymentOption.swift; sourceTree = "<group>"; };
		78B9E05B2A98F5A700C93302 /* MiniTwo.app */ = {isa = PBXFileReference; explicitFileType = wrapper.application; includeInIndex = 0; path = MiniTwo.app; sourceTree = BUILT_PRODUCTS_DIR; };
		78B9E05E2A98F5A700C93302 /* MiniTwoApp.swift */ = {isa = PBXFileReference; lastKnownFileType = sourcecode.swift; path = MiniTwoApp.swift; sourceTree = "<group>"; };
		78B9E0602A98F5A700C93302 /* ContentView.swift */ = {isa = PBXFileReference; lastKnownFileType = sourcecode.swift; path = ContentView.swift; sourceTree = "<group>"; };
		78B9E0622A98F5A700C93302 /* Assets.xcassets */ = {isa = PBXFileReference; lastKnownFileType = folder.assetcatalog; path = Assets.xcassets; sourceTree = "<group>"; };
		78B9E0652A98F5A700C93302 /* Preview Assets.xcassets */ = {isa = PBXFileReference; lastKnownFileType = folder.assetcatalog; path = "Preview Assets.xcassets"; sourceTree = "<group>"; };
		78D75D642AA8B9510074B125 /* TextBackground.swift */ = {isa = PBXFileReference; lastKnownFileType = sourcecode.swift; path = TextBackground.swift; sourceTree = "<group>"; };
		78D75D662AAF55910074B125 /* BankTyping.swift */ = {isa = PBXFileReference; lastKnownFileType = sourcecode.swift; path = BankTyping.swift; sourceTree = "<group>"; };
		78ECC5F82AA0BD4E0091F875 /* RoomCleaning.swift */ = {isa = PBXFileReference; lastKnownFileType = sourcecode.swift; path = RoomCleaning.swift; sourceTree = "<group>"; };
		78ECC5FA2AA0C0FF0091F875 /* RoomCleaningMinigame.swift */ = {isa = PBXFileReference; lastKnownFileType = sourcecode.swift; path = RoomCleaningMinigame.swift; sourceTree = "<group>"; };
		78ECC5FC2AA0D16A0091F875 /* House.swift */ = {isa = PBXFileReference; lastKnownFileType = sourcecode.swift; path = House.swift; sourceTree = "<group>"; };
		CDCE5F142AAE7821006E448D /* BankTutorial.swift */ = {isa = PBXFileReference; lastKnownFileType = sourcecode.swift; path = BankTutorial.swift; sourceTree = "<group>"; };
		CDCE5F162AAE803D006E448D /* BankTerms.swift */ = {isa = PBXFileReference; lastKnownFileType = sourcecode.swift; path = BankTerms.swift; sourceTree = "<group>"; };
		CDCE5F182AAEA05D006E448D /* BankCongratsLoan.swift */ = {isa = PBXFileReference; lastKnownFileType = sourcecode.swift; path = BankCongratsLoan.swift; sourceTree = "<group>"; };
		CDCE5F1B2AAFE153006E448D /* SplashScreen.swift */ = {isa = PBXFileReference; lastKnownFileType = sourcecode.swift; path = SplashScreen.swift; sourceTree = "<group>"; };
		CDCE5F1D2AAFE272006E448D /* Onboarding.swift */ = {isa = PBXFileReference; lastKnownFileType = sourcecode.swift; path = Onboarding.swift; sourceTree = "<group>"; };
		CDCE5F1F2AAFF829006E448D /* OnboardingFinal.swift */ = {isa = PBXFileReference; lastKnownFileType = sourcecode.swift; path = OnboardingFinal.swift; sourceTree = "<group>"; };
/* End PBXFileReference section */

/* Begin PBXFrameworksBuildPhase section */
		78B9E0582A98F5A700C93302 /* Frameworks */ = {
			isa = PBXFrameworksBuildPhase;
			buildActionMask = 2147483647;
			files = (
			);
			runOnlyForDeploymentPostprocessing = 0;
		};
/* End PBXFrameworksBuildPhase section */

/* Begin PBXGroup section */
		5210C9C52A9CD58100E9B5D6 /* Modifiers */ = {
			isa = PBXGroup;
			children = (
				5210C9C62A9CD59500E9B5D6 /* Pop.swift */,
				528F97362AA74F27000469D1 /* Rotate.swift */,
				783BC91F2AA8AE820028A6B3 /* Font.swift */,
				78D75D642AA8B9510074B125 /* TextBackground.swift */,
			);
			path = Modifiers;
			sourceTree = "<group>";
		};
		5210C9C82A9E268C00E9B5D6 /* Bank */ = {
			isa = PBXGroup;
			children = (
				5210C9BF2A9CD22A00E9B5D6 /* Bank.swift */,
				5210C9C32A9CD57900E9B5D6 /* BankPopUp.swift */,
				78788AA02A9FF1DE003ED923 /* BankPaymentOption.swift */,
				78D75D662AAF55910074B125 /* BankTyping.swift */,
				CDCE5F142AAE7821006E448D /* BankTutorial.swift */,
				CDCE5F162AAE803D006E448D /* BankTerms.swift */,
				CDCE5F182AAEA05D006E448D /* BankCongratsLoan.swift */,
			);
			path = Bank;
			sourceTree = "<group>";
		};
		5210C9C92A9E271000E9B5D6 /* Minigames */ = {
			isa = PBXGroup;
			children = (
				528F97332AA74E55000469D1 /* Panela */,
				78ECC5F72AA0BA210091F875 /* House */,
				78788A9B2A9F6BBB003ED923 /* Toilet */,
				5210C9CA2A9E274A00E9B5D6 /* iFood */,
				5210C9C82A9E268C00E9B5D6 /* Bank */,
			);
			path = Minigames;
			sourceTree = "<group>";
		};
		5210C9CA2A9E274A00E9B5D6 /* iFood */ = {
			isa = PBXGroup;
			children = (
				5210C9CB2A9E275E00E9B5D6 /* iFood.swift */,
				5210C9CD2A9E277300E9B5D6 /* iFoodPopUp.swift */,
				5210C9DA2AA20A2400E9B5D6 /* iFoodOrderScreen.swift */,
			);
			path = iFood;
			sourceTree = "<group>";
		};
		5210C9D12A9F7AF400E9B5D6 /* ObjectiveManagement */ = {
			isa = PBXGroup;
			children = (
				5210C9CF2A9F684100E9B5D6 /* ObjectiveManager.swift */,
				5210C9D22A9F7B1200E9B5D6 /* ObjectiveStruct.swift */,
				5210C9D42A9F7B3D00E9B5D6 /* ObjectiveView.swift */,
				783A4BEC2AA602A30049F054 /* GameManager.swift */,
			);
			path = ObjectiveManagement;
			sourceTree = "<group>";
		};
		528F97332AA74E55000469D1 /* Panela */ = {
			isa = PBXGroup;
			children = (
				528F97342AA74E7D000469D1 /* Panela.swift */,
			);
			path = Panela;
			sourceTree = "<group>";
		};
		528F97382AA76C4F000469D1 /* StatusManager */ = {
			isa = PBXGroup;
			children = (
				528F97392AA76CEA000469D1 /* StatusManager.swift */,
				528F973B2AA8ADF9000469D1 /* StatusBar.swift */,
			);
			path = StatusManager;
			sourceTree = "<group>";
		};
		528F977E2AAFF549000469D1 /* TelasFinais */ = {
			isa = PBXGroup;
			children = (
				528F977F2AAFF561000469D1 /* FinalRuim.swift */,
				5221EF882AB087300022C59C /* FinalBom.swift */,
			);
			path = TelasFinais;
			sourceTree = "<group>";
		};
		783BC91B2AA8A61D0028A6B3 /* Fonts */ = {
			isa = PBXGroup;
			children = (
				783BC9192AA8A61A0028A6B3 /* BoB_comAcento2.otf */,
			);
			path = Fonts;
			sourceTree = "<group>";
		};
		7856E1F62A9BCF2D00F7639C /* Notification */ = {
			isa = PBXGroup;
			children = (
				7856E1F72A9BCF4E00F7639C /* NotificationQueue.swift */,
				7856E1F92A9BCF7100F7639C /* NotificationTypes.swift */,
				7856E1FB2A9CD09600F7639C /* NotificationPresenter.swift */,
			);
			path = Notification;
			sourceTree = "<group>";
		};
		78788A962A9E17A0003ED923 /* AR */ = {
			isa = PBXGroup;
			children = (
				78788A972A9E17AF003ED923 /* ARController.swift */,
			);
			path = AR;
			sourceTree = "<group>";
		};
		78788A9B2A9F6BBB003ED923 /* Toilet */ = {
			isa = PBXGroup;
			children = (
				78788A9C2A9F6BD1003ED923 /* MotionManager.swift */,
				78788A9E2A9F6F16003ED923 /* ToiletMinigame.swift */,
			);
			path = Toilet;
			sourceTree = "<group>";
		};
		78B9E0522A98F5A700C93302 = {
			isa = PBXGroup;
			children = (
				78B9E05D2A98F5A700C93302 /* MiniTwo */,
				78B9E05C2A98F5A700C93302 /* Products */,
			);
			sourceTree = "<group>";
		};
		78B9E05C2A98F5A700C93302 /* Products */ = {
			isa = PBXGroup;
			children = (
				78B9E05B2A98F5A700C93302 /* MiniTwo.app */,
			);
			name = Products;
			sourceTree = "<group>";
		};
		78B9E05D2A98F5A700C93302 /* MiniTwo */ = {
			isa = PBXGroup;
			children = (
				783BC91C2AA8A66D0028A6B3 /* Info.plist */,
				783BC91D2AA8AAB30028A6B3 /* BetweenDays.swift */,
				78B9E0602A98F5A700C93302 /* ContentView.swift */,
				78788A992A9EA354003ED923 /* HapticsManager.swift */,
				5210C9D62A9F7D5400E9B5D6 /* Home.swift */,
				78B9E05E2A98F5A700C93302 /* MiniTwoApp.swift */,
				78009B5B2AA74651006BA51D /* NavigationUtil.swift */,
				CDCE5F1D2AAFE272006E448D /* Onboarding.swift */,
				CDCE5F1F2AAFF829006E448D /* OnboardingFinal.swift */,
				CDCE5F1B2AAFE153006E448D /* SplashScreen.swift */,
				78B9E0622A98F5A700C93302 /* Assets.xcassets */,
				78788A962A9E17A0003ED923 /* AR */,
				783BC91B2AA8A61D0028A6B3 /* Fonts */,
				5210C9C92A9E271000E9B5D6 /* Minigames */,
				5210C9C52A9CD58100E9B5D6 /* Modifiers */,
				7856E1F62A9BCF2D00F7639C /* Notification */,
				5210C9D12A9F7AF400E9B5D6 /* ObjectiveManagement */,
				78B9E0642A98F5A700C93302 /* Preview Content */,
				528F97382AA76C4F000469D1 /* StatusManager */,
				528F977E2AAFF549000469D1 /* TelasFinais */,
			);
			path = MiniTwo;
			sourceTree = "<group>";
		};
		78B9E0642A98F5A700C93302 /* Preview Content */ = {
			isa = PBXGroup;
			children = (
				78B9E0652A98F5A700C93302 /* Preview Assets.xcassets */,
			);
			path = "Preview Content";
			sourceTree = "<group>";
		};
		78ECC5F72AA0BA210091F875 /* House */ = {
			isa = PBXGroup;
			children = (
				78ECC5F82AA0BD4E0091F875 /* RoomCleaning.swift */,
				78ECC5FA2AA0C0FF0091F875 /* RoomCleaningMinigame.swift */,
				78ECC5FC2AA0D16A0091F875 /* House.swift */,
			);
			path = House;
			sourceTree = "<group>";
		};
/* End PBXGroup section */

/* Begin PBXNativeTarget section */
		78B9E05A2A98F5A700C93302 /* MiniTwo */ = {
			isa = PBXNativeTarget;
			buildConfigurationList = 78B9E0692A98F5A700C93302 /* Build configuration list for PBXNativeTarget "MiniTwo" */;
			buildPhases = (
				78B9E0572A98F5A700C93302 /* Sources */,
				78B9E0582A98F5A700C93302 /* Frameworks */,
				78B9E0592A98F5A700C93302 /* Resources */,
			);
			buildRules = (
			);
			dependencies = (
			);
			name = MiniTwo;
			productName = MiniTwo;
			productReference = 78B9E05B2A98F5A700C93302 /* MiniTwo.app */;
			productType = "com.apple.product-type.application";
		};
/* End PBXNativeTarget section */

/* Begin PBXProject section */
		78B9E0532A98F5A700C93302 /* Project object */ = {
			isa = PBXProject;
			attributes = {
				BuildIndependentTargetsInParallel = 1;
				LastSwiftUpdateCheck = 1430;
				LastUpgradeCheck = 1430;
				TargetAttributes = {
					78B9E05A2A98F5A700C93302 = {
						CreatedOnToolsVersion = 14.3;
					};
				};
			};
			buildConfigurationList = 78B9E0562A98F5A700C93302 /* Build configuration list for PBXProject "MiniTwo" */;
			compatibilityVersion = "Xcode 14.0";
			developmentRegion = en;
			hasScannedForEncodings = 0;
			knownRegions = (
				en,
				Base,
			);
			mainGroup = 78B9E0522A98F5A700C93302;
			productRefGroup = 78B9E05C2A98F5A700C93302 /* Products */;
			projectDirPath = "";
			projectRoot = "";
			targets = (
				78B9E05A2A98F5A700C93302 /* MiniTwo */,
			);
		};
/* End PBXProject section */

/* Begin PBXResourcesBuildPhase section */
		78B9E0592A98F5A700C93302 /* Resources */ = {
			isa = PBXResourcesBuildPhase;
			buildActionMask = 2147483647;
			files = (
				78B9E0662A98F5A700C93302 /* Preview Assets.xcassets in Resources */,
				783BC91A2AA8A61A0028A6B3 /* BoB_comAcento2.otf in Resources */,
				78B9E0632A98F5A700C93302 /* Assets.xcassets in Resources */,
			);
			runOnlyForDeploymentPostprocessing = 0;
		};
/* End PBXResourcesBuildPhase section */

/* Begin PBXSourcesBuildPhase section */
		78B9E0572A98F5A700C93302 /* Sources */ = {
			isa = PBXSourcesBuildPhase;
			buildActionMask = 2147483647;
			files = (
				5210C9C72A9CD59500E9B5D6 /* Pop.swift in Sources */,
				5210C9C02A9CD22A00E9B5D6 /* Bank.swift in Sources */,
				CDCE5F152AAE7821006E448D /* BankTutorial.swift in Sources */,
				78ECC5FD2AA0D16A0091F875 /* House.swift in Sources */,
				5210C9C42A9CD57900E9B5D6 /* BankPopUp.swift in Sources */,
				78D75D652AA8B9510074B125 /* TextBackground.swift in Sources */,
				78788AA12A9FF1DE003ED923 /* BankPaymentOption.swift in Sources */,
				78B9E0612A98F5A700C93302 /* ContentView.swift in Sources */,
				78D75D672AAF55910074B125 /* BankTyping.swift in Sources */,
				5210C9D52A9F7B3D00E9B5D6 /* ObjectiveView.swift in Sources */,
				5210C9CC2A9E275E00E9B5D6 /* iFood.swift in Sources */,
				783BC9202AA8AE820028A6B3 /* Font.swift in Sources */,
				528F97352AA74E7D000469D1 /* Panela.swift in Sources */,
				78788A9A2A9EA354003ED923 /* HapticsManager.swift in Sources */,
				CDCE5F192AAEA05D006E448D /* BankCongratsLoan.swift in Sources */,
				5210C9D72A9F7D5400E9B5D6 /* Home.swift in Sources */,
				783BC91E2AA8AAB30028A6B3 /* BetweenDays.swift in Sources */,
				78788A982A9E17AF003ED923 /* ARController.swift in Sources */,
				7856E1F82A9BCF4E00F7639C /* NotificationQueue.swift in Sources */,
				528F973A2AA76CEA000469D1 /* StatusManager.swift in Sources */,
				783A4BED2AA602A30049F054 /* GameManager.swift in Sources */,
				78ECC5F92AA0BD4E0091F875 /* RoomCleaning.swift in Sources */,
				5210C9D32A9F7B1200E9B5D6 /* ObjectiveStruct.swift in Sources */,
				5210C9D02A9F684100E9B5D6 /* ObjectiveManager.swift in Sources */,
				78ECC5FB2AA0C0FF0091F875 /* RoomCleaningMinigame.swift in Sources */,
				CDCE5F202AAFF829006E448D /* OnboardingFinal.swift in Sources */,
				78788A9D2A9F6BD1003ED923 /* MotionManager.swift in Sources */,
				7856E1FC2A9CD09600F7639C /* NotificationPresenter.swift in Sources */,
				78009B5C2AA74651006BA51D /* NavigationUtil.swift in Sources */,
				528F973C2AA8ADF9000469D1 /* StatusBar.swift in Sources */,
				CDCE5F1C2AAFE153006E448D /* SplashScreen.swift in Sources */,
				7856E1FA2A9BCF7100F7639C /* NotificationTypes.swift in Sources */,
				78788A9F2A9F6F16003ED923 /* ToiletMinigame.swift in Sources */,
				CDCE5F1E2AAFE272006E448D /* Onboarding.swift in Sources */,
				5210C9CE2A9E277300E9B5D6 /* iFoodPopUp.swift in Sources */,
				5210C9DB2AA20A2400E9B5D6 /* iFoodOrderScreen.swift in Sources */,
				CDCE5F172AAE803D006E448D /* BankTerms.swift in Sources */,
				528F97372AA74F27000469D1 /* Rotate.swift in Sources */,
				5221EF892AB087300022C59C /* FinalBom.swift in Sources */,
				78B9E05F2A98F5A700C93302 /* MiniTwoApp.swift in Sources */,
				528F97802AAFF561000469D1 /* FinalRuim.swift in Sources */,
			);
			runOnlyForDeploymentPostprocessing = 0;
		};
/* End PBXSourcesBuildPhase section */

/* Begin XCBuildConfiguration section */
		78B9E0672A98F5A700C93302 /* Debug */ = {
			isa = XCBuildConfiguration;
			buildSettings = {
				ALWAYS_SEARCH_USER_PATHS = NO;
				CLANG_ANALYZER_NONNULL = YES;
				CLANG_ANALYZER_NUMBER_OBJECT_CONVERSION = YES_AGGRESSIVE;
				CLANG_CXX_LANGUAGE_STANDARD = "gnu++20";
				CLANG_ENABLE_MODULES = YES;
				CLANG_ENABLE_OBJC_ARC = YES;
				CLANG_ENABLE_OBJC_WEAK = YES;
				CLANG_WARN_BLOCK_CAPTURE_AUTORELEASING = YES;
				CLANG_WARN_BOOL_CONVERSION = YES;
				CLANG_WARN_COMMA = YES;
				CLANG_WARN_CONSTANT_CONVERSION = YES;
				CLANG_WARN_DEPRECATED_OBJC_IMPLEMENTATIONS = YES;
				CLANG_WARN_DIRECT_OBJC_ISA_USAGE = YES_ERROR;
				CLANG_WARN_DOCUMENTATION_COMMENTS = YES;
				CLANG_WARN_EMPTY_BODY = YES;
				CLANG_WARN_ENUM_CONVERSION = YES;
				CLANG_WARN_INFINITE_RECURSION = YES;
				CLANG_WARN_INT_CONVERSION = YES;
				CLANG_WARN_NON_LITERAL_NULL_CONVERSION = YES;
				CLANG_WARN_OBJC_IMPLICIT_RETAIN_SELF = YES;
				CLANG_WARN_OBJC_LITERAL_CONVERSION = YES;
				CLANG_WARN_OBJC_ROOT_CLASS = YES_ERROR;
				CLANG_WARN_QUOTED_INCLUDE_IN_FRAMEWORK_HEADER = YES;
				CLANG_WARN_RANGE_LOOP_ANALYSIS = YES;
				CLANG_WARN_STRICT_PROTOTYPES = YES;
				CLANG_WARN_SUSPICIOUS_MOVE = YES;
				CLANG_WARN_UNGUARDED_AVAILABILITY = YES_AGGRESSIVE;
				CLANG_WARN_UNREACHABLE_CODE = YES;
				CLANG_WARN__DUPLICATE_METHOD_MATCH = YES;
				COPY_PHASE_STRIP = NO;
				DEBUG_INFORMATION_FORMAT = dwarf;
				ENABLE_STRICT_OBJC_MSGSEND = YES;
				ENABLE_TESTABILITY = YES;
				GCC_C_LANGUAGE_STANDARD = gnu11;
				GCC_DYNAMIC_NO_PIC = NO;
				GCC_NO_COMMON_BLOCKS = YES;
				GCC_OPTIMIZATION_LEVEL = 0;
				GCC_PREPROCESSOR_DEFINITIONS = (
					"DEBUG=1",
					"$(inherited)",
				);
				GCC_WARN_64_TO_32_BIT_CONVERSION = YES;
				GCC_WARN_ABOUT_RETURN_TYPE = YES_ERROR;
				GCC_WARN_UNDECLARED_SELECTOR = YES;
				GCC_WARN_UNINITIALIZED_AUTOS = YES_AGGRESSIVE;
				GCC_WARN_UNUSED_FUNCTION = YES;
				GCC_WARN_UNUSED_VARIABLE = YES;
				IPHONEOS_DEPLOYMENT_TARGET = 16.4;
				MTL_ENABLE_DEBUG_INFO = INCLUDE_SOURCE;
				MTL_FAST_MATH = YES;
				ONLY_ACTIVE_ARCH = YES;
				SDKROOT = iphoneos;
				SWIFT_ACTIVE_COMPILATION_CONDITIONS = DEBUG;
				SWIFT_OPTIMIZATION_LEVEL = "-Onone";
			};
			name = Debug;
		};
		78B9E0682A98F5A700C93302 /* Release */ = {
			isa = XCBuildConfiguration;
			buildSettings = {
				ALWAYS_SEARCH_USER_PATHS = NO;
				CLANG_ANALYZER_NONNULL = YES;
				CLANG_ANALYZER_NUMBER_OBJECT_CONVERSION = YES_AGGRESSIVE;
				CLANG_CXX_LANGUAGE_STANDARD = "gnu++20";
				CLANG_ENABLE_MODULES = YES;
				CLANG_ENABLE_OBJC_ARC = YES;
				CLANG_ENABLE_OBJC_WEAK = YES;
				CLANG_WARN_BLOCK_CAPTURE_AUTORELEASING = YES;
				CLANG_WARN_BOOL_CONVERSION = YES;
				CLANG_WARN_COMMA = YES;
				CLANG_WARN_CONSTANT_CONVERSION = YES;
				CLANG_WARN_DEPRECATED_OBJC_IMPLEMENTATIONS = YES;
				CLANG_WARN_DIRECT_OBJC_ISA_USAGE = YES_ERROR;
				CLANG_WARN_DOCUMENTATION_COMMENTS = YES;
				CLANG_WARN_EMPTY_BODY = YES;
				CLANG_WARN_ENUM_CONVERSION = YES;
				CLANG_WARN_INFINITE_RECURSION = YES;
				CLANG_WARN_INT_CONVERSION = YES;
				CLANG_WARN_NON_LITERAL_NULL_CONVERSION = YES;
				CLANG_WARN_OBJC_IMPLICIT_RETAIN_SELF = YES;
				CLANG_WARN_OBJC_LITERAL_CONVERSION = YES;
				CLANG_WARN_OBJC_ROOT_CLASS = YES_ERROR;
				CLANG_WARN_QUOTED_INCLUDE_IN_FRAMEWORK_HEADER = YES;
				CLANG_WARN_RANGE_LOOP_ANALYSIS = YES;
				CLANG_WARN_STRICT_PROTOTYPES = YES;
				CLANG_WARN_SUSPICIOUS_MOVE = YES;
				CLANG_WARN_UNGUARDED_AVAILABILITY = YES_AGGRESSIVE;
				CLANG_WARN_UNREACHABLE_CODE = YES;
				CLANG_WARN__DUPLICATE_METHOD_MATCH = YES;
				COPY_PHASE_STRIP = NO;
				DEBUG_INFORMATION_FORMAT = "dwarf-with-dsym";
				ENABLE_NS_ASSERTIONS = NO;
				ENABLE_STRICT_OBJC_MSGSEND = YES;
				GCC_C_LANGUAGE_STANDARD = gnu11;
				GCC_NO_COMMON_BLOCKS = YES;
				GCC_WARN_64_TO_32_BIT_CONVERSION = YES;
				GCC_WARN_ABOUT_RETURN_TYPE = YES_ERROR;
				GCC_WARN_UNDECLARED_SELECTOR = YES;
				GCC_WARN_UNINITIALIZED_AUTOS = YES_AGGRESSIVE;
				GCC_WARN_UNUSED_FUNCTION = YES;
				GCC_WARN_UNUSED_VARIABLE = YES;
				IPHONEOS_DEPLOYMENT_TARGET = 16.4;
				MTL_ENABLE_DEBUG_INFO = NO;
				MTL_FAST_MATH = YES;
				SDKROOT = iphoneos;
				SWIFT_COMPILATION_MODE = wholemodule;
				SWIFT_OPTIMIZATION_LEVEL = "-O";
				VALIDATE_PRODUCT = YES;
			};
			name = Release;
		};
		78B9E06A2A98F5A700C93302 /* Debug */ = {
			isa = XCBuildConfiguration;
			buildSettings = {
				ASSETCATALOG_COMPILER_APPICON_NAME = AppIcon;
				ASSETCATALOG_COMPILER_GLOBAL_ACCENT_COLOR_NAME = AccentColor;
				CODE_SIGN_STYLE = Automatic;
				CURRENT_PROJECT_VERSION = 1;
				DEVELOPMENT_ASSET_PATHS = "\"MiniTwo/Preview Content\"";
				DEVELOPMENT_TEAM = SA5RM672D2;
				ENABLE_PREVIEWS = YES;
				GENERATE_INFOPLIST_FILE = YES;
				INFOPLIST_FILE = MiniTwo/Info.plist;
				INFOPLIST_KEY_CFBundleDisplayName = Pepino;
				INFOPLIST_KEY_LSApplicationCategoryType = "public.app-category.simulation-games";
				INFOPLIST_KEY_NSCameraUsageDescription = "The camera is used for an ingame minigame";
				INFOPLIST_KEY_UIApplicationSceneManifest_Generation = YES;
				INFOPLIST_KEY_UIApplicationSupportsIndirectInputEvents = YES;
				INFOPLIST_KEY_UILaunchScreen_Generation = YES;
				INFOPLIST_KEY_UIRequiresFullScreen = YES;
				INFOPLIST_KEY_UIStatusBarStyle = "";
				INFOPLIST_KEY_UISupportedInterfaceOrientations = UIInterfaceOrientationPortrait;
				INFOPLIST_KEY_UISupportedInterfaceOrientations_iPad = "UIInterfaceOrientationPortrait UIInterfaceOrientationPortraitUpsideDown";
				IPHONEOS_DEPLOYMENT_TARGET = 16.0;
				LD_RUNPATH_SEARCH_PATHS = (
					"$(inherited)",
					"@executable_path/Frameworks",
				);
				MARKETING_VERSION = 1.0;
				PRODUCT_BUNDLE_IDENTIFIER = dev.yrk06.MiniTwo;
				PRODUCT_NAME = "$(TARGET_NAME)";
				SWIFT_EMIT_LOC_STRINGS = YES;
				SWIFT_VERSION = 5.0;
				TARGETED_DEVICE_FAMILY = "1,2";
			};
			name = Debug;
		};
		78B9E06B2A98F5A700C93302 /* Release */ = {
			isa = XCBuildConfiguration;
			buildSettings = {
				ASSETCATALOG_COMPILER_APPICON_NAME = AppIcon;
				ASSETCATALOG_COMPILER_GLOBAL_ACCENT_COLOR_NAME = AccentColor;
				CODE_SIGN_STYLE = Automatic;
				CURRENT_PROJECT_VERSION = 1;
				DEVELOPMENT_ASSET_PATHS = "\"MiniTwo/Preview Content\"";
				DEVELOPMENT_TEAM = SA5RM672D2;
				ENABLE_PREVIEWS = YES;
				GENERATE_INFOPLIST_FILE = YES;
				INFOPLIST_FILE = MiniTwo/Info.plist;
				INFOPLIST_KEY_CFBundleDisplayName = Pepino;
				INFOPLIST_KEY_LSApplicationCategoryType = "public.app-category.simulation-games";
				INFOPLIST_KEY_NSCameraUsageDescription = "The camera is used for an ingame minigame";
				INFOPLIST_KEY_UIApplicationSceneManifest_Generation = YES;
				INFOPLIST_KEY_UIApplicationSupportsIndirectInputEvents = YES;
				INFOPLIST_KEY_UILaunchScreen_Generation = YES;
				INFOPLIST_KEY_UIRequiresFullScreen = YES;
				INFOPLIST_KEY_UIStatusBarStyle = "";
				INFOPLIST_KEY_UISupportedInterfaceOrientations = UIInterfaceOrientationPortrait;
				INFOPLIST_KEY_UISupportedInterfaceOrientations_iPad = "UIInterfaceOrientationPortrait UIInterfaceOrientationPortraitUpsideDown";
				IPHONEOS_DEPLOYMENT_TARGET = 16.0;
				LD_RUNPATH_SEARCH_PATHS = (
					"$(inherited)",
					"@executable_path/Frameworks",
				);
				MARKETING_VERSION = 1.0;
				PRODUCT_BUNDLE_IDENTIFIER = dev.yrk06.MiniTwo;
				PRODUCT_NAME = "$(TARGET_NAME)";
				SWIFT_EMIT_LOC_STRINGS = YES;
				SWIFT_VERSION = 5.0;
				TARGETED_DEVICE_FAMILY = "1,2";
			};
			name = Release;
		};
/* End XCBuildConfiguration section */

/* Begin XCConfigurationList section */
		78B9E0562A98F5A700C93302 /* Build configuration list for PBXProject "MiniTwo" */ = {
			isa = XCConfigurationList;
			buildConfigurations = (
				78B9E0672A98F5A700C93302 /* Debug */,
				78B9E0682A98F5A700C93302 /* Release */,
			);
			defaultConfigurationIsVisible = 0;
			defaultConfigurationName = Release;
		};
		78B9E0692A98F5A700C93302 /* Build configuration list for PBXNativeTarget "MiniTwo" */ = {
			isa = XCConfigurationList;
			buildConfigurations = (
				78B9E06A2A98F5A700C93302 /* Debug */,
				78B9E06B2A98F5A700C93302 /* Release */,
			);
			defaultConfigurationIsVisible = 0;
			defaultConfigurationName = Release;
		};
/* End XCConfigurationList section */
	};
	rootObject = 78B9E0532A98F5A700C93302 /* Project object */;
}
